
Microsoft Visual Studio Solution File, Format Version 12.00
# Visual Studio Version 17
VisualStudioVersion = 17.4.33213.308
MinimumVisualStudioVersion = 10.0.40219.1
Project("{FAE04EC0-301F-11D3-BF4B-00C04F79EFBC}") = "Hogwarts_Form", "Hogwarts_Form.csproj", "{45557916-624C-482C-8F28-6B2ABA0957EE}"
EndProject
Global
	GlobalSection(SolutionConfigurationPlatforms) = preSolution
		Debug|Any CPU = Debug|Any CPU
		Release|Any CPU = Release|Any CPU
	EndGlobalSection
	GlobalSection(ProjectConfigurationPlatforms) = postSolution
		{45557916-624C-482C-8F28-6B2ABA0957EE}.Debug|Any CPU.ActiveCfg = Debug|Any CPU
		{45557916-624C-482C-8F28-6B2ABA0957EE}.Debug|Any CPU.Build.0 = Debug|Any CPU
		{45557916-624C-482C-8F28-6B2ABA0957EE}.Release|Any CPU.ActiveCfg = Release|Any CPU
		{45557916-624C-482C-8F28-6B2ABA0957EE}.Release|Any CPU.Build.0 = Release|Any CPU
	EndGlobalSection
	GlobalSection(SolutionProperties) = preSolution
		HideSolutionNode = FALSE
	EndGlobalSection
	GlobalSection(ExtensibilityGlobals) = postSolution
		SolutionGuid = {0CA556CF-FAB8-40C8-A83C-1A73E4663901}
	EndGlobalSection
EndGlobal
